
Microsoft Visual Studio Solution File, Format Version 12.00
# Visual Studio Version 17
VisualStudioVersion = 17.14.36408.4 d17.14
MinimumVisualStudioVersion = 10.0.40219.1
Project("{FAE04EC0-301F-11D3-BF4B-00C04F79EFBC}") = "CrudWithAuth", "CrudWithAuth.csproj", "{2B80EA3C-AC0F-2CC9-0A74-F0189E3F9F65}"
EndProject
Global
	GlobalSection(SolutionConfigurationPlatforms) = preSolution
		Debug|Any CPU = Debug|Any CPU
		Release|Any CPU = Release|Any CPU
	EndGlobalSection
	GlobalSection(ProjectConfigurationPlatforms) = postSolution
		{2B80EA3C-AC0F-2CC9-0A74-F0189E3F9F65}.Debug|Any CPU.ActiveCfg = Debug|Any CPU
		{2B80EA3C-AC0F-2CC9-0A74-F0189E3F9F65}.Debug|Any CPU.Build.0 = Debug|Any CPU
		{2B80EA3C-AC0F-2CC9-0A74-F0189E3F9F65}.Release|Any CPU.ActiveCfg = Release|Any CPU
		{2B80EA3C-AC0F-2CC9-0A74-F0189E3F9F65}.Release|Any CPU.Build.0 = Release|Any CPU
	EndGlobalSection
	GlobalSection(SolutionProperties) = preSolution
		HideSolutionNode = FALSE
	EndGlobalSection
	GlobalSection(ExtensibilityGlobals) = postSolution
		SolutionGuid = {39FCDE07-2E00-45DD-AB23-66BF0CB84D03}
	EndGlobalSection
EndGlobal
